Microsoft Visual Studio Solution File, Format Version 12.00
# Visual Studio Version 17
VisualStudioVersion = 17.5.2.0
MinimumVisualStudioVersion = 10.0.40219.1
Project("{FAE04EC0-301F-11D3-BF4B-00C04F79EFBC}") = "ClearCacheIcons", "ClearCacheIcons.csproj", "{F30687D9-F619-64D8-56A5-D24334E759EC}"
EndProject
Global
	GlobalSection(SolutionConfigurationPlatforms) = preSolution
		Debug|Any CPU = Debug|Any CPU
		Release|Any CPU = Release|Any CPU
	EndGlobalSection
	GlobalSection(ProjectConfigurationPlatforms) = postSolution
		{F30687D9-F619-64D8-56A5-D24334E759EC}.Debug|Any CPU.ActiveCfg = Debug|Any CPU
		{F30687D9-F619-64D8-56A5-D24334E759EC}.Debug|Any CPU.Build.0 = Debug|Any CPU
		{F30687D9-F619-64D8-56A5-D24334E759EC}.Release|Any CPU.ActiveCfg = Release|Any CPU
		{F30687D9-F619-64D8-56A5-D24334E759EC}.Release|Any CPU.Build.0 = Release|Any CPU
	EndGlobalSection
	GlobalSection(SolutionProperties) = preSolution
		HideSolutionNode = FALSE
	EndGlobalSection
	GlobalSection(ExtensibilityGlobals) = postSolution
		SolutionGuid = {1040FFD1-DB91-464E-8EE8-5F16187CE226}
	EndGlobalSection
EndGlobal
